
Microsoft Visual Studio Solution File, Format Version 12.00
# Visual Studio Version 17
VisualStudioVersion = 17.10.34916.146
MinimumVisualStudioVersion = 10.0.40219.1
Project("{2150E333-8FDC-42A3-9474-1A3956D46DE8}") = "plan", "plan", "{0CA10D75-529B-42D9-9857-29713566AE94}"
	ProjectSection(SolutionItems) = preProject
		plan.txt = plan.txt
		plan2.txt = plan2.txt
	EndProjectSection
EndProject
Project("{9A19103F-16F7-4668-BE54-9A1E7A4F7556}") = "FlexibleList", "FlexibleList\FlexibleList.csproj", "{23C3441F-4C34-448B-9683-32A8E7ABA219}"
EndProject
Project("{9A19103F-16F7-4668-BE54-9A1E7A4F7556}") = "ClaimTheSquareFullStack", "ClaimTheSquareFullStack\ClaimTheSquareFullStack.csproj", "{F8238DAC-ED58-4A22-B61B-A04261F87A53}"
EndProject
Project("{FAE04EC0-301F-11D3-BF4B-00C04F79EFBC}") = "SimpleAPI", "SimpleAPI\SimpleAPI.csproj", "{E1BFA25E-F810-4CB4-B457-9723F14A70A8}"
EndProject
Global
	GlobalSection(SolutionConfigurationPlatforms) = preSolution
		Debug|Any CPU = Debug|Any CPU
		Release|Any CPU = Release|Any CPU
	EndGlobalSection
	GlobalSection(ProjectConfigurationPlatforms) = postSolution
		{23C3441F-4C34-448B-9683-32A8E7ABA219}.Debug|Any CPU.ActiveCfg = Debug|Any CPU
		{23C3441F-4C34-448B-9683-32A8E7ABA219}.Debug|Any CPU.Build.0 = Debug|Any CPU
		{23C3441F-4C34-448B-9683-32A8E7ABA219}.Release|Any CPU.ActiveCfg = Release|Any CPU
		{23C3441F-4C34-448B-9683-32A8E7ABA219}.Release|Any CPU.Build.0 = Release|Any CPU
		{F8238DAC-ED58-4A22-B61B-A04261F87A53}.Debug|Any CPU.ActiveCfg = Debug|Any CPU
		{F8238DAC-ED58-4A22-B61B-A04261F87A53}.Debug|Any CPU.Build.0 = Debug|Any CPU
		{F8238DAC-ED58-4A22-B61B-A04261F87A53}.Release|Any CPU.ActiveCfg = Release|Any CPU
		{F8238DAC-ED58-4A22-B61B-A04261F87A53}.Release|Any CPU.Build.0 = Release|Any CPU
		{E1BFA25E-F810-4CB4-B457-9723F14A70A8}.Debug|Any CPU.ActiveCfg = Debug|Any CPU
		{E1BFA25E-F810-4CB4-B457-9723F14A70A8}.Debug|Any CPU.Build.0 = Debug|Any CPU
		{E1BFA25E-F810-4CB4-B457-9723F14A70A8}.Release|Any CPU.ActiveCfg = Release|Any CPU
		{E1BFA25E-F810-4CB4-B457-9723F14A70A8}.Release|Any CPU.Build.0 = Release|Any CPU
	EndGlobalSection
	GlobalSection(SolutionProperties) = preSolution
		HideSolutionNode = FALSE
	EndGlobalSection
	GlobalSection(ExtensibilityGlobals) = postSolution
		SolutionGuid = {BF0B2DC2-761E-4336-905B-D907C3B07F7B}
	EndGlobalSection
EndGlobal
